
Microsoft Visual Studio Solution File, Format Version 12.00
# Visual Studio Version 16
VisualStudioVersion = 16.0.29806.167
MinimumVisualStudioVersion = 10.0.40219.1
Project("{FAE04EC0-301F-11D3-BF4B-00C04F79EFBC}") = "HarcosProjekt", "HarcosProjekt\HarcosProjekt.csproj", "{519DBD34-701E-43E6-A213-6F08363F13AA}"
EndProject
Global
	GlobalSection(SolutionConfigurationPlatforms) = preSolution
		Debug|Any CPU = Debug|Any CPU
		Release|Any CPU = Release|Any CPU
	EndGlobalSection
	GlobalSection(ProjectConfigurationPlatforms) = postSolution
		{519DBD34-701E-43E6-A213-6F08363F13AA}.Debug|Any CPU.ActiveCfg = Debug|Any CPU
		{519DBD34-701E-43E6-A213-6F08363F13AA}.Debug|Any CPU.Build.0 = Debug|Any CPU
		{519DBD34-701E-43E6-A213-6F08363F13AA}.Release|Any CPU.ActiveCfg = Release|Any CPU
		{519DBD34-701E-43E6-A213-6F08363F13AA}.Release|Any CPU.Build.0 = Release|Any CPU
	EndGlobalSection
	GlobalSection(SolutionProperties) = preSolution
		HideSolutionNode = FALSE
	EndGlobalSection
	GlobalSection(ExtensibilityGlobals) = postSolution
		SolutionGuid = {A7251887-80ED-4676-8CFC-C048F2635238}
	EndGlobalSection
EndGlobal
